
Microsoft Visual Studio Solution File, Format Version 12.00
# Visual Studio Version 17
VisualStudioVersion = 17.2.32616.157
MinimumVisualStudioVersion = 10.0.40219.1
Project("{8BC9CEB8-8B4A-11D0-8D11-00A0C91BC942}") = "Picking_Sticks_Allegro_5_Port", "Picking_Sticks_Allegro_5_Port.vcxproj", "{66A7FA1C-AA4D-49E5-9396-767BCCC94FFD}"
EndProject
Global
	GlobalSection(SolutionConfigurationPlatforms) = preSolution
		Debug|x64 = Debug|x64
		Debug|x86 = Debug|x86
		Release|x64 = Release|x64
		Release|x86 = Release|x86
	EndGlobalSection
	GlobalSection(ProjectConfigurationPlatforms) = postSolution
		{66A7FA1C-AA4D-49E5-9396-767BCCC94FFD}.Debug|x64.ActiveCfg = Debug|x64
		{66A7FA1C-AA4D-49E5-9396-767BCCC94FFD}.Debug|x64.Build.0 = Debug|x64
		{66A7FA1C-AA4D-49E5-9396-767BCCC94FFD}.Debug|x86.ActiveCfg = Debug|Win32
		{66A7FA1C-AA4D-49E5-9396-767BCCC94FFD}.Debug|x86.Build.0 = Debug|Win32
		{66A7FA1C-AA4D-49E5-9396-767BCCC94FFD}.Release|x64.ActiveCfg = Release|x64
		{66A7FA1C-AA4D-49E5-9396-767BCCC94FFD}.Release|x64.Build.0 = Release|x64
		{66A7FA1C-AA4D-49E5-9396-767BCCC94FFD}.Release|x86.ActiveCfg = Release|Win32
		{66A7FA1C-AA4D-49E5-9396-767BCCC94FFD}.Release|x86.Build.0 = Release|Win32
	EndGlobalSection
	GlobalSection(SolutionProperties) = preSolution
		HideSolutionNode = FALSE
	EndGlobalSection
	GlobalSection(ExtensibilityGlobals) = postSolution
		SolutionGuid = {E057276F-8D2A-4375-A854-975D2AE5BDDE}
	EndGlobalSection
EndGlobal
